
Microsoft Visual Studio Solution File, Format Version 12.00
# Visual Studio Version 16
VisualStudioVersion = 16.0.31424.327
MinimumVisualStudioVersion = 10.0.40219.1
Project("{9A19103F-16F7-4668-BE54-9A1E7A4F7556}") = "Minkbuddy.Api", "Minkbuddy.Api\Minkbuddy.Api.csproj", "{21787A26-0DD5-4FD3-A977-A475D728A924}"
EndProject
Project("{9A19103F-16F7-4668-BE54-9A1E7A4F7556}") = "Minkbuddy.Business", "..\Minkbuddy.Business\Minkbuddy.Business.csproj", "{BC514105-EE63-45FC-964E-3EF0B1AA327F}"
EndProject
Project("{9A19103F-16F7-4668-BE54-9A1E7A4F7556}") = "Minkbuddy.Models", "..\Minkbuddy.Models\Minkbuddy.Models.csproj", "{BD1714A1-125E-411B-9A32-EFD86AE66D7E}"
EndProject
Project("{9A19103F-16F7-4668-BE54-9A1E7A4F7556}") = "Minkbuddy.Services", "..\Minkbuddy.Services\Minkbuddy.Services.csproj", "{2964AD29-2857-4A43-94B6-99F6A468954B}"
EndProject
Project("{9A19103F-16F7-4668-BE54-9A1E7A4F7556}") = "Minkbuddy.DataAccess", "..\Minkbuddy.DataAccess\Minkbuddy.DataAccess.csproj", "{E0C0EB28-ECF4-4016-922D-C37DA894B0EC}"
EndProject
Project("{9A19103F-16F7-4668-BE54-9A1E7A4F7556}") = "Minkbuddy.Infrastructure", "..\Minkbuddy.Infrastructure\Minkbuddy.Infrastructure.csproj", "{E17DB800-8396-4807-BA00-B9AA53A1C280}"
EndProject
Global
	GlobalSection(SolutionConfigurationPlatforms) = preSolution
		Debug|Any CPU = Debug|Any CPU
		Release|Any CPU = Release|Any CPU
	EndGlobalSection
	GlobalSection(ProjectConfigurationPlatforms) = postSolution
		{21787A26-0DD5-4FD3-A977-A475D728A924}.Debug|Any CPU.ActiveCfg = Debug|Any CPU
		{21787A26-0DD5-4FD3-A977-A475D728A924}.Debug|Any CPU.Build.0 = Debug|Any CPU
		{21787A26-0DD5-4FD3-A977-A475D728A924}.Release|Any CPU.ActiveCfg = Release|Any CPU
		{21787A26-0DD5-4FD3-A977-A475D728A924}.Release|Any CPU.Build.0 = Release|Any CPU
		{BC514105-EE63-45FC-964E-3EF0B1AA327F}.Debug|Any CPU.ActiveCfg = Debug|Any CPU
		{BC514105-EE63-45FC-964E-3EF0B1AA327F}.Debug|Any CPU.Build.0 = Debug|Any CPU
		{BC514105-EE63-45FC-964E-3EF0B1AA327F}.Release|Any CPU.ActiveCfg = Release|Any CPU
		{BC514105-EE63-45FC-964E-3EF0B1AA327F}.Release|Any CPU.Build.0 = Release|Any CPU
		{BD1714A1-125E-411B-9A32-EFD86AE66D7E}.Debug|Any CPU.ActiveCfg = Debug|Any CPU
		{BD1714A1-125E-411B-9A32-EFD86AE66D7E}.Debug|Any CPU.Build.0 = Debug|Any CPU
		{BD1714A1-125E-411B-9A32-EFD86AE66D7E}.Release|Any CPU.ActiveCfg = Release|Any CPU
		{BD1714A1-125E-411B-9A32-EFD86AE66D7E}.Release|Any CPU.Build.0 = Release|Any CPU
		{2964AD29-2857-4A43-94B6-99F6A468954B}.Debug|Any CPU.ActiveCfg = Debug|Any CPU
		{2964AD29-2857-4A43-94B6-99F6A468954B}.Debug|Any CPU.Build.0 = Debug|Any CPU
		{2964AD29-2857-4A43-94B6-99F6A468954B}.Release|Any CPU.ActiveCfg = Release|Any CPU
		{2964AD29-2857-4A43-94B6-99F6A468954B}.Release|Any CPU.Build.0 = Release|Any CPU
		{E0C0EB28-ECF4-4016-922D-C37DA894B0EC}.Debug|Any CPU.ActiveCfg = Debug|Any CPU
		{E0C0EB28-ECF4-4016-922D-C37DA894B0EC}.Debug|Any CPU.Build.0 = Debug|Any CPU
		{E0C0EB28-ECF4-4016-922D-C37DA894B0EC}.Release|Any CPU.ActiveCfg = Release|Any CPU
		{E0C0EB28-ECF4-4016-922D-C37DA894B0EC}.Release|Any CPU.Build.0 = Release|Any CPU
		{E17DB800-8396-4807-BA00-B9AA53A1C280}.Debug|Any CPU.ActiveCfg = Debug|Any CPU
		{E17DB800-8396-4807-BA00-B9AA53A1C280}.Debug|Any CPU.Build.0 = Debug|Any CPU
		{E17DB800-8396-4807-BA00-B9AA53A1C280}.Release|Any CPU.ActiveCfg = Release|Any CPU
		{E17DB800-8396-4807-BA00-B9AA53A1C280}.Release|Any CPU.Build.0 = Release|Any CPU
	EndGlobalSection
	GlobalSection(SolutionProperties) = preSolution
		HideSolutionNode = FALSE
	EndGlobalSection
	GlobalSection(ExtensibilityGlobals) = postSolution
		SolutionGuid = {983DC493-13F8-4E84-ABC3-DA98FEE3DFC0}
	EndGlobalSection
EndGlobal
